
Microsoft Visual Studio Solution File, Format Version 12.00
# Visual Studio Version 17
VisualStudioVersion = 17.10.35027.167
MinimumVisualStudioVersion = 10.0.40219.1
Project("{2150E333-8FDC-42A3-9474-1A3956D46DE8}") = "src", "src", "{DB0EA335-024B-412B-B4CF-241C0F377D7C}"
EndProject
Project("{2150E333-8FDC-42A3-9474-1A3956D46DE8}") = "tests", "tests", "{878C9901-0867-4D64-87AF-2C0FC4EEEFE9}"
EndProject
Project("{9A19103F-16F7-4668-BE54-9A1E7A4F7556}") = "Domain", "src\Domain\Domain.csproj", "{95C32A05-930B-4A94-98E1-AE07DFCC713A}"
EndProject
Project("{9A19103F-16F7-4668-BE54-9A1E7A4F7556}") = "Infrastructure", "src\Infrastructure\Infrastructure.csproj", "{B409C856-B6FD-45EB-92E1-EE87433351DC}"
EndProject
Project("{9A19103F-16F7-4668-BE54-9A1E7A4F7556}") = "WPF", "src\ImportExcelToDB\WPF.csproj", "{84EAE9D6-25A8-4CB7-8C11-4C84602B51B7}"
EndProject
Project("{9A19103F-16F7-4668-BE54-9A1E7A4F7556}") = "UnitTest", "tests\UnitTest\UnitTest.csproj", "{80E9E22C-D436-4029-9FAC-404C8B164AA8}"
EndProject
Global
	GlobalSection(SolutionConfigurationPlatforms) = preSolution
		Debug|Any CPU = Debug|Any CPU
		Release|Any CPU = Release|Any CPU
	EndGlobalSection
	GlobalSection(ProjectConfigurationPlatforms) = postSolution
		{95C32A05-930B-4A94-98E1-AE07DFCC713A}.Debug|Any CPU.ActiveCfg = Debug|Any CPU
		{95C32A05-930B-4A94-98E1-AE07DFCC713A}.Debug|Any CPU.Build.0 = Debug|Any CPU
		{95C32A05-930B-4A94-98E1-AE07DFCC713A}.Release|Any CPU.ActiveCfg = Release|Any CPU
		{95C32A05-930B-4A94-98E1-AE07DFCC713A}.Release|Any CPU.Build.0 = Release|Any CPU
		{B409C856-B6FD-45EB-92E1-EE87433351DC}.Debug|Any CPU.ActiveCfg = Debug|Any CPU
		{B409C856-B6FD-45EB-92E1-EE87433351DC}.Debug|Any CPU.Build.0 = Debug|Any CPU
		{B409C856-B6FD-45EB-92E1-EE87433351DC}.Release|Any CPU.ActiveCfg = Release|Any CPU
		{B409C856-B6FD-45EB-92E1-EE87433351DC}.Release|Any CPU.Build.0 = Release|Any CPU
		{84EAE9D6-25A8-4CB7-8C11-4C84602B51B7}.Debug|Any CPU.ActiveCfg = Debug|Any CPU
		{84EAE9D6-25A8-4CB7-8C11-4C84602B51B7}.Debug|Any CPU.Build.0 = Debug|Any CPU
		{84EAE9D6-25A8-4CB7-8C11-4C84602B51B7}.Release|Any CPU.ActiveCfg = Release|Any CPU
		{84EAE9D6-25A8-4CB7-8C11-4C84602B51B7}.Release|Any CPU.Build.0 = Release|Any CPU
		{80E9E22C-D436-4029-9FAC-404C8B164AA8}.Debug|Any CPU.ActiveCfg = Debug|Any CPU
		{80E9E22C-D436-4029-9FAC-404C8B164AA8}.Debug|Any CPU.Build.0 = Debug|Any CPU
		{80E9E22C-D436-4029-9FAC-404C8B164AA8}.Release|Any CPU.ActiveCfg = Release|Any CPU
		{80E9E22C-D436-4029-9FAC-404C8B164AA8}.Release|Any CPU.Build.0 = Release|Any CPU
	EndGlobalSection
	GlobalSection(SolutionProperties) = preSolution
		HideSolutionNode = FALSE
	EndGlobalSection
	GlobalSection(NestedProjects) = preSolution
		{95C32A05-930B-4A94-98E1-AE07DFCC713A} = {DB0EA335-024B-412B-B4CF-241C0F377D7C}
		{B409C856-B6FD-45EB-92E1-EE87433351DC} = {DB0EA335-024B-412B-B4CF-241C0F377D7C}
		{84EAE9D6-25A8-4CB7-8C11-4C84602B51B7} = {DB0EA335-024B-412B-B4CF-241C0F377D7C}
		{80E9E22C-D436-4029-9FAC-404C8B164AA8} = {878C9901-0867-4D64-87AF-2C0FC4EEEFE9}
	EndGlobalSection
	GlobalSection(ExtensibilityGlobals) = postSolution
		SolutionGuid = {C78DEB86-62EA-483A-9575-9FD59F316C4B}
	EndGlobalSection
EndGlobal
